
Microsoft Visual Studio Solution File, Format Version 12.00
Project("{FAE04EC0-301F-11D3-BF4B-00C04F79EFBC}") = "Nate.DockerComposeUI.UI", "Nate.DockerComposeUI.UI\Nate.DockerComposeUI.UI.csproj", "{5E30C9C4-A8AD-47DD-A14B-110D29C75814}"
EndProject
Project("{FAE04EC0-301F-11D3-BF4B-00C04F79EFBC}") = "YmlTester", "YmlTester\YmlTester.csproj", "{1AAB3333-9EF7-488E-9820-5AD4D8E8EE91}"
EndProject
Project("{FAE04EC0-301F-11D3-BF4B-00C04F79EFBC}") = "Nate.Breeze.ImagePorts", "Nate.Breeze.ImagePorts\Nate.Breeze.ImagePorts.csproj", "{F174A1DA-A7EA-41D9-87C5-95E71BE2D135}"
EndProject
Project("{FAE04EC0-301F-11D3-BF4B-00C04F79EFBC}") = "Nate.Breeze.ImageSecrets", "Nate.Breeze.ImageSecrets\Nate.Breeze.ImageSecrets.csproj", "{ED924487-1C29-497A-930D-22710069AFAC}"
EndProject
Project("{FAE04EC0-301F-11D3-BF4B-00C04F79EFBC}") = "Nate.Breeze.ImageVolumes", "Nate.Breeze.ImageVolumes\Nate.Breeze.ImageVolumes.csproj", "{6785DAE0-4FBB-4E16-9D1F-CCCF37E6412C}"
EndProject
Project("{FAE04EC0-301F-11D3-BF4B-00C04F79EFBC}") = "Nate.Breeze.ImageConfigurationFiles", "Nate.Breeze.ImageConfigurationFiles\Nate.Breeze.ImageConfigurationFiles.csproj", "{85FCD71B-7E8C-4B5B-AF86-0EAE3CA98AA4}"
EndProject
Project("{FAE04EC0-301F-11D3-BF4B-00C04F79EFBC}") = "Nate.Breeze.ImageEnvironmentVariables", "Nate.Breeze.ImageEnvironmentVariables\Nate.Breeze.ImageEnvironmentVariables.csproj", "{9F0AF592-2001-4774-AD16-A706EEF3D449}"
EndProject
Project("{FAE04EC0-301F-11D3-BF4B-00C04F79EFBC}") = "Nate.Breeze.Images", "Nate.Breeze.Images\Nate.Breeze.Images.csproj", "{A524CCAE-7E36-4548-A9C1-59C7FA99CCCF}"
EndProject
Project("{FAE04EC0-301F-11D3-BF4B-00C04F79EFBC}") = "Nate.Breeze.ImageDescription", "Nate.Breeze.ImageDescription\Nate.Breeze.ImageDescription.csproj", "{2A8F45AC-24EC-4232-993B-DC0A91E41FAA}"
EndProject
Project("{FAE04EC0-301F-11D3-BF4B-00C04F79EFBC}") = "Nate.Breeze.ImageDeployments", "Nate.Breeze.ImageDeployments\Nate.Breeze.ImageDeployments.csproj", "{14DFF05A-BE30-41CB-9836-8807CA3807DC}"
EndProject
Global
	GlobalSection(SolutionConfigurationPlatforms) = preSolution
		Debug|Any CPU = Debug|Any CPU
		Release|Any CPU = Release|Any CPU
	EndGlobalSection
	GlobalSection(ProjectConfigurationPlatforms) = postSolution
		{5E30C9C4-A8AD-47DD-A14B-110D29C75814}.Debug|Any CPU.ActiveCfg = Debug|Any CPU
		{5E30C9C4-A8AD-47DD-A14B-110D29C75814}.Debug|Any CPU.Build.0 = Debug|Any CPU
		{5E30C9C4-A8AD-47DD-A14B-110D29C75814}.Release|Any CPU.ActiveCfg = Release|Any CPU
		{5E30C9C4-A8AD-47DD-A14B-110D29C75814}.Release|Any CPU.Build.0 = Release|Any CPU
		{1AAB3333-9EF7-488E-9820-5AD4D8E8EE91}.Debug|Any CPU.ActiveCfg = Debug|Any CPU
		{1AAB3333-9EF7-488E-9820-5AD4D8E8EE91}.Debug|Any CPU.Build.0 = Debug|Any CPU
		{1AAB3333-9EF7-488E-9820-5AD4D8E8EE91}.Release|Any CPU.ActiveCfg = Release|Any CPU
		{1AAB3333-9EF7-488E-9820-5AD4D8E8EE91}.Release|Any CPU.Build.0 = Release|Any CPU
		{F174A1DA-A7EA-41D9-87C5-95E71BE2D135}.Debug|Any CPU.ActiveCfg = Debug|Any CPU
		{F174A1DA-A7EA-41D9-87C5-95E71BE2D135}.Debug|Any CPU.Build.0 = Debug|Any CPU
		{F174A1DA-A7EA-41D9-87C5-95E71BE2D135}.Release|Any CPU.ActiveCfg = Release|Any CPU
		{F174A1DA-A7EA-41D9-87C5-95E71BE2D135}.Release|Any CPU.Build.0 = Release|Any CPU
		{ED924487-1C29-497A-930D-22710069AFAC}.Debug|Any CPU.ActiveCfg = Debug|Any CPU
		{ED924487-1C29-497A-930D-22710069AFAC}.Debug|Any CPU.Build.0 = Debug|Any CPU
		{ED924487-1C29-497A-930D-22710069AFAC}.Release|Any CPU.ActiveCfg = Release|Any CPU
		{ED924487-1C29-497A-930D-22710069AFAC}.Release|Any CPU.Build.0 = Release|Any CPU
		{6785DAE0-4FBB-4E16-9D1F-CCCF37E6412C}.Debug|Any CPU.ActiveCfg = Debug|Any CPU
		{6785DAE0-4FBB-4E16-9D1F-CCCF37E6412C}.Debug|Any CPU.Build.0 = Debug|Any CPU
		{6785DAE0-4FBB-4E16-9D1F-CCCF37E6412C}.Release|Any CPU.ActiveCfg = Release|Any CPU
		{6785DAE0-4FBB-4E16-9D1F-CCCF37E6412C}.Release|Any CPU.Build.0 = Release|Any CPU
		{85FCD71B-7E8C-4B5B-AF86-0EAE3CA98AA4}.Debug|Any CPU.ActiveCfg = Debug|Any CPU
		{85FCD71B-7E8C-4B5B-AF86-0EAE3CA98AA4}.Debug|Any CPU.Build.0 = Debug|Any CPU
		{85FCD71B-7E8C-4B5B-AF86-0EAE3CA98AA4}.Release|Any CPU.ActiveCfg = Release|Any CPU
		{85FCD71B-7E8C-4B5B-AF86-0EAE3CA98AA4}.Release|Any CPU.Build.0 = Release|Any CPU
		{9F0AF592-2001-4774-AD16-A706EEF3D449}.Debug|Any CPU.ActiveCfg = Debug|Any CPU
		{9F0AF592-2001-4774-AD16-A706EEF3D449}.Debug|Any CPU.Build.0 = Debug|Any CPU
		{9F0AF592-2001-4774-AD16-A706EEF3D449}.Release|Any CPU.ActiveCfg = Release|Any CPU
		{9F0AF592-2001-4774-AD16-A706EEF3D449}.Release|Any CPU.Build.0 = Release|Any CPU
		{A524CCAE-7E36-4548-A9C1-59C7FA99CCCF}.Debug|Any CPU.ActiveCfg = Debug|Any CPU
		{A524CCAE-7E36-4548-A9C1-59C7FA99CCCF}.Debug|Any CPU.Build.0 = Debug|Any CPU
		{A524CCAE-7E36-4548-A9C1-59C7FA99CCCF}.Release|Any CPU.ActiveCfg = Release|Any CPU
		{A524CCAE-7E36-4548-A9C1-59C7FA99CCCF}.Release|Any CPU.Build.0 = Release|Any CPU
		{2A8F45AC-24EC-4232-993B-DC0A91E41FAA}.Debug|Any CPU.ActiveCfg = Debug|Any CPU
		{2A8F45AC-24EC-4232-993B-DC0A91E41FAA}.Debug|Any CPU.Build.0 = Debug|Any CPU
		{2A8F45AC-24EC-4232-993B-DC0A91E41FAA}.Release|Any CPU.ActiveCfg = Release|Any CPU
		{2A8F45AC-24EC-4232-993B-DC0A91E41FAA}.Release|Any CPU.Build.0 = Release|Any CPU
		{14DFF05A-BE30-41CB-9836-8807CA3807DC}.Debug|Any CPU.ActiveCfg = Debug|Any CPU
		{14DFF05A-BE30-41CB-9836-8807CA3807DC}.Debug|Any CPU.Build.0 = Debug|Any CPU
		{14DFF05A-BE30-41CB-9836-8807CA3807DC}.Release|Any CPU.ActiveCfg = Release|Any CPU
		{14DFF05A-BE30-41CB-9836-8807CA3807DC}.Release|Any CPU.Build.0 = Release|Any CPU
	EndGlobalSection
	GlobalSection(NestedProjects) = preSolution
	EndGlobalSection
EndGlobal
